Microsoft Visual Studio Solution File, Format Version 7.00
Project("{8BC9CEB8-8B4A-11D0-8D11-00A0C91BC942}") = "FACElib", "FACElib.vcproj", "{F3EADF6D-43C7-4FE2-81BE-462750B3F3BA}"
EndProject
Global
	GlobalSection(SolutionConfiguration) = preSolution
		ConfigName.0 = Debug
		ConfigName.1 = Release
	EndGlobalSection
	GlobalSection(ProjectDependencies) = postSolution
	EndGlobalSection
	GlobalSection(ProjectConfiguration) = postSolution
		{F3EADF6D-43C7-4FE2-81BE-462750B3F3BA}.Debug.ActiveCfg = Debug|Win32
		{F3EADF6D-43C7-4FE2-81BE-462750B3F3BA}.Debug.Build.0 = Debug|Win32
		{F3EADF6D-43C7-4FE2-81BE-462750B3F3BA}.Release.ActiveCfg = Release|Win32
		{F3EADF6D-43C7-4FE2-81BE-462750B3F3BA}.Release.Build.0 = Release|Win32
	EndGlobalSection
	GlobalSection(ExtensibilityGlobals) = postSolution
	EndGlobalSection
	GlobalSection(ExtensibilityAddIns) = postSolution
	EndGlobalSection
EndGlobal
